# This file is automatically @generated by Poetry 2.1.2 and should not be changed by hand.

[[package]]
name = "isodate"
version = "0.7.2"
description = "An ISO 8601 date/time/duration parser and formatter"
optional = false
python-versions = ">=3.7"
groups = ["main"]
markers = "python_version == \"3.10\""
files = [
    {file = "isodate-0.7.2-py3-none-any.whl", hash = "sha256:28009937d8031054830160fce6d409ed342816b543597cece116d966c6d99e15"},
    {file = "isodate-0.7.2.tar.gz", hash = "sha256:4cd1aa0f43ca76f4a6c6c0292a85f40b35ec2e43e315b59f06e6d32171a953e6"},
]

[[package]]
name = "kafka-python"
version = "2.0.2"
description = "Pure Python client for Apache Kafka"
optional = false
python-versions = "*"
groups = ["main"]
files = [
    {file = "kafka-python-2.0.2.tar.gz", hash = "sha256:04dfe7fea2b63726cd6f3e79a2d86e709d608d74406638c5da33a01d45a9d7e3"},
    {file = "kafka_python-2.0.2-py2.py3-none-any.whl", hash = "sha256:2d92418c7cb1c298fa6c7f0fb3519b520d0d7526ac6cb7ae2a4fc65a51a94b6e"},
]

[package.extras]
crc32c = ["crc32c"]

[[package]]
name = "pyparsing"
version = "3.2.3"
description = "pyparsing module - Classes and methods to define and execute parsing grammars"
optional = false
python-versions = ">=3.9"
groups = ["main"]
files = [
    {file = "pyparsing-3.2.3-py3-none-any.whl", hash = "sha256:a749938e02d6fd0b59b356ca504a24982314bb090c383e3cf201c95ef7e2bfcf"},
    {file = "pyparsing-3.2.3.tar.gz", hash = "sha256:b9c13f1ab8b3b542f72e28f634bad4de758ab3ce4546e4301970ad6fa77c38be"},
]

[package.extras]
diagrams = ["jinja2", "railroad-diagrams"]

[[package]]
name = "rdflib"
version = "7.1.4"
description = "RDFLib is a Python library for working with RDF, a simple yet powerful language for representing information."
optional = false
python-versions = "<4.0.0,>=3.8.1"
groups = ["main"]
files = [
    {file = "rdflib-7.1.4-py3-none-any.whl", hash = "sha256:72f4adb1990fa5241abd22ddaf36d7cafa5d91d9ff2ba13f3086d339b213d997"},
    {file = "rdflib-7.1.4.tar.gz", hash = "sha256:fed46e24f26a788e2ab8e445f7077f00edcf95abb73bcef4b86cefa8b62dd174"},
]

[package.dependencies]
isodate = {version = ">=0.7.2,<1.0.0", markers = "python_version < \"3.11\""}
pyparsing = ">=2.1.0,<4"

[package.extras]
berkeleydb = ["berkeleydb (>=18.1.0,<19.0.0)"]
html = ["html5rdf (>=1.2,<2)"]
lxml = ["lxml (>=4.3,<6.0)"]
networkx = ["networkx (>=2,<4)"]
orjson = ["orjson (>=3.9.14,<4)"]

[metadata]
lock-version = "2.1"
python-versions = "^3.10"
content-hash = "aeeb4d6413ac6abbb79012f6bcb78b4d00c6539c842a161f8c56781b854e72dd"
